
Microsoft Visual Studio Solution File, Format Version 12.00
# Visual Studio Version 17
VisualStudioVersion = 17.14.37516.0 d17.14
MinimumVisualStudioVersion = 10.0.40219.1
Project("{FAE04EC0-301F-11D3-BF4B-00C04F79EFBC}") = "SmartWMS.Api", "SmartWMS.Api\SmartWMS.Api.csproj", "{CF28EAD2-2291-44AA-8528-55A9414D1C50}"
EndProject
Global
	GlobalSection(SolutionConfigurationPlatforms) = preSolution
		Debug|Any CPU = Debug|Any CPU
		Release|Any CPU = Release|Any CPU
	EndGlobalSection
	GlobalSection(ProjectConfigurationPlatforms) = postSolution
		{CF28EAD2-2291-44AA-8528-55A9414D1C50}.Debug|Any CPU.ActiveCfg = Debug|Any CPU
		{CF28EAD2-2291-44AA-8528-55A9414D1C50}.Debug|Any CPU.Build.0 = Debug|Any CPU
		{CF28EAD2-2291-44AA-8528-55A9414D1C50}.Release|Any CPU.ActiveCfg = Release|Any CPU
		{CF28EAD2-2291-44AA-8528-55A9414D1C50}.Release|Any CPU.Build.0 = Release|Any CPU
	EndGlobalSection
	GlobalSection(SolutionProperties) = preSolution
		HideSolutionNode = FALSE
	EndGlobalSection
	GlobalSection(ExtensibilityGlobals) = postSolution
		SolutionGuid = {16E7F147-1F42-420F-B96B-6141C34A8ABE}
	EndGlobalSection
EndGlobal
